
Microsoft Visual Studio Solution File, Format Version 12.00
# Visual Studio Version 16
VisualStudioVersion = 16.0.31624.102
MinimumVisualStudioVersion = 10.0.40219.1
Project("{8BC9CEB8-8B4A-11D0-8D11-00A0C91BC942}") = "inheritancestart", "inheritancestart.vcxproj", "{692BED1A-92ED-4AFE-88B9-0CA045F89F69}"
EndProject
Global
	GlobalSection(SolutionConfigurationPlatforms) = preSolution
		Debug|x86 = Debug|x86
		Release|x86 = Release|x86
	EndGlobalSection
	GlobalSection(ProjectConfigurationPlatforms) = postSolution
		{692BED1A-92ED-4AFE-88B9-0CA045F89F69}.Debug|x86.ActiveCfg = Debug|Win32
		{692BED1A-92ED-4AFE-88B9-0CA045F89F69}.Debug|x86.Build.0 = Debug|Win32
		{692BED1A-92ED-4AFE-88B9-0CA045F89F69}.Release|x86.ActiveCfg = Release|Win32
		{692BED1A-92ED-4AFE-88B9-0CA045F89F69}.Release|x86.Build.0 = Release|Win32
	EndGlobalSection
	GlobalSection(SolutionProperties) = preSolution
		HideSolutionNode = FALSE
	EndGlobalSection
	GlobalSection(ExtensibilityGlobals) = postSolution
		SolutionGuid = {450315BF-7A3B-49D7-AED4-C97767C2AD04}
	EndGlobalSection
EndGlobal
